
Microsoft Visual Studio Solution File, Format Version 12.00
# Visual Studio Version 16
VisualStudioVersion = 16.0.29326.143
MinimumVisualStudioVersion = 10.0.40219.1
Project("{FAE04EC0-301F-11D3-BF4B-00C04F79EFBC}") = "DiscDig1", "DiscDig1\DiscDig1.csproj", "{313FF46D-D366-45CE-A3E3-5FE1ED051F3B}"
EndProject
Global
	GlobalSection(SolutionConfigurationPlatforms) = preSolution
		Debug|Any CPU = Debug|Any CPU
		Release|Any CPU = Release|Any CPU
	EndGlobalSection
	GlobalSection(ProjectConfigurationPlatforms) = postSolution
		{313FF46D-D366-45CE-A3E3-5FE1ED051F3B}.Debug|Any CPU.ActiveCfg = Debug|Any CPU
		{313FF46D-D366-45CE-A3E3-5FE1ED051F3B}.Debug|Any CPU.Build.0 = Debug|Any CPU
		{313FF46D-D366-45CE-A3E3-5FE1ED051F3B}.Release|Any CPU.ActiveCfg = Release|Any CPU
		{313FF46D-D366-45CE-A3E3-5FE1ED051F3B}.Release|Any CPU.Build.0 = Release|Any CPU
	EndGlobalSection
	GlobalSection(SolutionProperties) = preSolution
		HideSolutionNode = FALSE
	EndGlobalSection
	GlobalSection(ExtensibilityGlobals) = postSolution
		SolutionGuid = {F72942E0-B7EE-4E43-A3EA-311B25EACC8D}
	EndGlobalSection
EndGlobal
